{
  "name": "@packages/extension",
  "version": "0.0.0-development",
  "lockfileVersion": 3,
  "requires": true,
  "packages": {
    "": {
      "name": "@packages/extension",
      "version": "0.0.0-development",
      "hasInstallScript": true,
      "dependencies": {
        "@packages/extension": "file:",
        "bluebird": "3.5.3",
        "lodash": "^4.17.21"
      }
    },
    "node_modules/@packages/extension": {
      "resolved": "",
      "link": true
    },
    "node_modules/bluebird": {
      "version": "3.5.3",
      "resolved": "https://registry.npmjs.org/bluebird/-/bluebird-3.5.3.tgz",
      "integrity": "sha512-/qKPUQlaW1OyR51WeCPBvRnAlnZFUJkCSG5HzGnuIqhgyJtF+T94lFnn33eiazjRm2LAHVy2guNnaq48X9SJuw=="
    },
    "node_modules/lodash": {
      "version": "4.17.21",
      "resolved": "https://registry.npmjs.org/lodash/-/lodash-4.17.21.tgz",
      "integrity": "sha512-v2kDEe57lecTulaDIuNTPy3Ry4gLGJ6Z1O3vE1krgXZNrsQ+LFTGHVxVjcXPs17LhbZVGedAJv8XZ1tvj5FvSg=="
    }
  }
}
