{
  "name": "@packages/telemetry",
  "version": "0.0.0-development",
  "lockfileVersion": 3,
  "requires": true,
  "packages": {
    "": {
      "name": "@packages/telemetry",
      "version": "0.0.0-development",
      "dependencies": {
        "@opentelemetry/api": "1.4.1",
        "@opentelemetry/core": "1.12.0",
        "@opentelemetry/exporter-trace-otlp-http": "0.38.0",
        "@opentelemetry/otlp-exporter-base": "0.38.0",
        "@opentelemetry/resources": "1.12.0",
        "@opentelemetry/sdk-trace-base": "1.12.0",
        "@opentelemetry/sdk-trace-node": "1.12.0",
        "@opentelemetry/sdk-trace-web": "1.12.0",
        "@opentelemetry/semantic-conventions": "1.12.0",
        "@packages/telemetry": "file:"
      }
    },
    "node_modules/@opentelemetry/api": {
      "version": "1.4.1",
      "resolved": "https://registry.npmjs.org/@opentelemetry/api/-/api-1.4.1.tgz",
      "integrity": "sha512-O2yRJce1GOc6PAy3QxFM4NzFiWzvScDC1/5ihYBL6BUEVdq0XMWN01sppE+H6bBXbaFYipjwFLEWLg5PaSOThA==",
      "engines": {
        "node": ">=8.0.0"
      }
    },
    "node_modules/@opentelemetry/context-async-hooks": {
      "version": "1.12.0",
      "resolved": "https://registry.npmjs.org/@opentelemetry/context-async-hooks/-/context-async-hooks-1.12.0.tgz",
      "integrity": "sha512-PmwAanPNWCyS9JYFzhzVzHgviLhc0UHjOwdth+hp3HgQQ9XZZNE635P8JhAUHZmbghW9/qQFafRWOS4VN9VVnQ==",
      "engines": {
        "node": ">=14"
      },
      "peerDependencies": {
        "@opentelemetry/api": ">=1.0.0 <1.5.0"
      }
    },
    "node_modules/@opentelemetry/core": {
      "version": "1.12.0",
      "resolved": "https://registry.npmjs.org/@opentelemetry/core/-/core-1.12.0.tgz",
      "integrity": "sha512-4DWYNb3dLs2mSCGl65jY3aEgbvPWSHVQV/dmDWiYeWUrMakZQFcymqZOSUNZO0uDrEJoxMu8O5tZktX6UKFwag==",
      "dependencies": {
        "@opentelemetry/semantic-conventions": "1.12.0"
      },
      "engines": {
        "node": ">=14"
      },
      "peerDependencies": {
        "@opentelemetry/api": ">=1.0.0 <1.5.0"
      }
    },
    "node_modules/@opentelemetry/exporter-trace-otlp-http": {
      "version": "0.38.0",
      "resolved": "https://registry.npmjs.org/@opentelemetry/exporter-trace-otlp-http/-/exporter-trace-otlp-http-0.38.0.tgz",
      "integrity": "sha512-AWpTCyijC7kt2DbLj8FmdlRquA6/rTXZ+3U4MVl4P2YNI7KLUnx/FEhn2BMTB0+rOy7UxSAocqz2tJ/5Ss/6Ng==",
      "dependencies": {
        "@opentelemetry/core": "1.12.0",
        "@opentelemetry/otlp-exporter-base": "0.38.0",
        "@opentelemetry/otlp-transformer": "0.38.0",
        "@opentelemetry/resources": "1.12.0",
        "@opentelemetry/sdk-trace-base": "1.12.0"
      },
      "engines": {
        "node": ">=14"
      },
      "peerDependencies": {
        "@opentelemetry/api": "^1.0.0"
      }
    },
    "node_modules/@opentelemetry/otlp-exporter-base": {
      "version": "0.38.0",
      "resolved": "https://registry.npmjs.org/@opentelemetry/otlp-exporter-base/-/otlp-exporter-base-0.38.0.tgz",
      "integrity": "sha512-VWQo7vUDyW/7/FT8RErAtM/29i/fllCc9xMtnK7kDuheAjJU68zrZ88bQOsLamHvOCU3KVpozjfTZVxZKQRYXw==",
      "dependencies": {
        "@opentelemetry/core": "1.12.0"
      },
      "engines": {
        "node": ">=14"
      },
      "peerDependencies": {
        "@opentelemetry/api": "^1.0.0"
      }
    },
    "node_modules/@opentelemetry/otlp-transformer": {
      "version": "0.38.0",
      "resolved": "https://registry.npmjs.org/@opentelemetry/otlp-transformer/-/otlp-transformer-0.38.0.tgz",
      "integrity": "sha512-ykQEipby0NVSi2ih5E8J2GNJ6y9zYDPSef0nD8j33XPKxfyVG5184rUrCsh6TIk1d/GlYl8gB9Wy4TdRvwl6kA==",
      "dependencies": {
        "@opentelemetry/core": "1.12.0",
        "@opentelemetry/resources": "1.12.0",
        "@opentelemetry/sdk-metrics": "1.12.0",
        "@opentelemetry/sdk-trace-base": "1.12.0"
      },
      "engines": {
        "node": ">=14"
      },
      "peerDependencies": {
        "@opentelemetry/api": ">=1.3.0 <1.5.0"
      }
    },
    "node_modules/@opentelemetry/propagator-b3": {
      "version": "1.12.0",
      "resolved": "https://registry.npmjs.org/@opentelemetry/propagator-b3/-/propagator-b3-1.12.0.tgz",
      "integrity": "sha512-WFcn98075QPc2zE1obhKydJHUehI5/HuLoelPEVwATj+487hjCwjHj9r2fgmQkWpvuNSB7CJaA0ys6qqq1N6lg==",
      "dependencies": {
        "@opentelemetry/core": "1.12.0"
      },
      "engines": {
        "node": ">=14"
      },
      "peerDependencies": {
        "@opentelemetry/api": ">=1.0.0 <1.5.0"
      }
    },
    "node_modules/@opentelemetry/propagator-jaeger": {
      "version": "1.12.0",
      "resolved": "https://registry.npmjs.org/@opentelemetry/propagator-jaeger/-/propagator-jaeger-1.12.0.tgz",
      "integrity": "sha512-ugtWF7GC6X5RIJ0+iMwW2iVAGNs206CAeq8XQ8OkJRg+v0lp4H0/i+gJ4hubTT8NIL5a3IxtIrAENPLIGdLucQ==",
      "dependencies": {
        "@opentelemetry/core": "1.12.0"
      },
      "engines": {
        "node": ">=14"
      },
      "peerDependencies": {
        "@opentelemetry/api": ">=1.0.0 <1.5.0"
      }
    },
    "node_modules/@opentelemetry/resources": {
      "version": "1.12.0",
      "resolved": "https://registry.npmjs.org/@opentelemetry/resources/-/resources-1.12.0.tgz",
      "integrity": "sha512-gunMKXG0hJrR0LXrqh7BVbziA/+iJBL3ZbXCXO64uY+SrExkwoyJkpiq9l5ismkGF/A20mDEV7tGwh+KyPw00Q==",
      "dependencies": {
        "@opentelemetry/core": "1.12.0",
        "@opentelemetry/semantic-conventions": "1.12.0"
      },
      "engines": {
        "node": ">=14"
      },
      "peerDependencies": {
        "@opentelemetry/api": ">=1.0.0 <1.5.0"
      }
    },
    "node_modules/@opentelemetry/sdk-metrics": {
      "version": "1.12.0",
      "resolved": "https://registry.npmjs.org/@opentelemetry/sdk-metrics/-/sdk-metrics-1.12.0.tgz",
      "integrity": "sha512-zOy88Jfk88eTxqu+9ypHLs184dGydJocSWtvWMY10QKVVaxhC3SLKa0uxI/zBtD9S+x0LP65wxrTSfSoUNtCOA==",
      "dependencies": {
        "@opentelemetry/core": "1.12.0",
        "@opentelemetry/resources": "1.12.0",
        "lodash.merge": "4.6.2"
      },
      "engines": {
        "node": ">=14"
      },
      "peerDependencies": {
        "@opentelemetry/api": ">=1.3.0 <1.5.0"
      }
    },
    "node_modules/@opentelemetry/sdk-trace-base": {
      "version": "1.12.0",
      "resolved": "https://registry.npmjs.org/@opentelemetry/sdk-trace-base/-/sdk-trace-base-1.12.0.tgz",
      "integrity": "sha512-pfCOB3tNDlYVoWuz4D7Ji+Jmy9MHnATWHVpkERdCEiwUGEZ+4IvNPXUcPc37wJVmMpjGLeaWgPPrie0KIpWf1A==",
      "dependencies": {
        "@opentelemetry/core": "1.12.0",
        "@opentelemetry/resources": "1.12.0",
        "@opentelemetry/semantic-conventions": "1.12.0"
      },
      "engines": {
        "node": ">=14"
      },
      "peerDependencies": {
        "@opentelemetry/api": ">=1.0.0 <1.5.0"
      }
    },
    "node_modules/@opentelemetry/sdk-trace-node": {
      "version": "1.12.0",
      "resolved": "https://registry.npmjs.org/@opentelemetry/sdk-trace-node/-/sdk-trace-node-1.12.0.tgz",
      "integrity": "sha512-PxpDemnNZLLeFNLAu95/K3QubjlaScXVjVQPlwPui65VRxIvxGVysnN7DFfsref+qoh1hI6nlrYSij43vxdm2w==",
      "dependencies": {
        "@opentelemetry/context-async-hooks": "1.12.0",
        "@opentelemetry/core": "1.12.0",
        "@opentelemetry/propagator-b3": "1.12.0",
        "@opentelemetry/propagator-jaeger": "1.12.0",
        "@opentelemetry/sdk-trace-base": "1.12.0",
        "semver": "^7.3.5"
      },
      "engines": {
        "node": ">=14"
      },
      "peerDependencies": {
        "@opentelemetry/api": ">=1.0.0 <1.5.0"
      }
    },
    "node_modules/@opentelemetry/sdk-trace-web": {
      "version": "1.12.0",
      "resolved": "https://registry.npmjs.org/@opentelemetry/sdk-trace-web/-/sdk-trace-web-1.12.0.tgz",
      "integrity": "sha512-i89anQYHSOamzXEkoMh2xr0Ms8qTQ9dseqHOTBUMOqCVxwj18DJFJC7TwNtVliusZQ0hAbnsPG+V5+/67aNmFg==",
      "dependencies": {
        "@opentelemetry/core": "1.12.0",
        "@opentelemetry/sdk-trace-base": "1.12.0",
        "@opentelemetry/semantic-conventions": "1.12.0"
      },
      "engines": {
        "node": ">=14"
      },
      "peerDependencies": {
        "@opentelemetry/api": ">=1.0.0 <1.5.0"
      }
    },
    "node_modules/@opentelemetry/semantic-conventions": {
      "version": "1.12.0",
      "resolved": "https://registry.npmjs.org/@opentelemetry/semantic-conventions/-/semantic-conventions-1.12.0.tgz",
      "integrity": "sha512-hO+bdeGOlJwqowUBoZF5LyP3ORUFOP1G0GRv8N45W/cztXbT2ZEXaAzfokRS9Xc9FWmYrDj32mF6SzH6wuoIyA==",
      "engines": {
        "node": ">=14"
      }
    },
    "node_modules/@packages/telemetry": {
      "resolved": "",
      "link": true
    },
    "node_modules/lodash.merge": {
      "version": "4.6.2",
      "resolved": "https://registry.npmjs.org/lodash.merge/-/lodash.merge-4.6.2.tgz",
      "integrity": "sha512-0KpjqXRVvrYyCsX1swR/XTK0va6VQkQM6MNo7PqW77ByjAhoARA8EfrP1N4+KlKj8YS0ZUCtRT/YUuhyYDujIQ=="
    },
    "node_modules/semver": {
      "version": "7.6.3",
      "resolved": "https://registry.npmjs.org/semver/-/semver-7.6.3.tgz",
      "integrity": "sha512-oVekP1cKtI+CTDvHWYFUcMtsK/00wmAEfyqKfNdARm8u1wNVhSgaX7A8d4UuIlUI5e84iEwOhs7ZPYRmzU9U6A==",
      "bin": {
        "semver": "bin/semver.js"
      },
      "engines": {
        "node": ">=10"
      }
    }
  }
}
