{
  "name": "@packages/app",
  "version": "0.0.0-development",
  "lockfileVersion": 3,
  "requires": true,
  "packages": {
    "": {
      "name": "@packages/app",
      "version": "0.0.0-development",
      "dependencies": {
        "@packages/app": "file:"
      }
    },
    "node_modules/@packages/app": {
      "resolved": "",
      "link": true
    }
  }
}
