{
  "name": "@packages/runner",
  "version": "0.0.0-development",
  "lockfileVersion": 3,
  "requires": true,
  "packages": {
    "": {
      "name": "@packages/runner",
      "version": "0.0.0-development",
      "hasInstallScript": true,
      "dependencies": {
        "@packages/runner": "file:"
      }
    },
    "node_modules/@packages/runner": {
      "resolved": "",
      "link": true
    }
  }
}
