{
  "name": "@packages/example",
  "version": "0.0.0-development",
  "lockfileVersion": 3,
  "requires": true,
  "packages": {
    "": {
      "name": "@packages/example",
      "version": "0.0.0-development",
      "hasInstallScript": true,
      "dependencies": {
        "@packages/example": "file:"
      }
    },
    "node_modules/@packages/example": {
      "resolved": "",
      "link": true
    }
  }
}
